<?xml version="1.0" encoding="utf-8"?>
<Project ToolsVersion="4.0" xmlns="http://schemas.microsoft.com/developer/msbuild/2003">
  <ItemGroup>
    <Filter Include="Src">
      <UniqueIdentifier>{4FC737F1-C7A5-4376-A066-2A32D752A2FF}</UniqueIdentifier>
      <Extensions>cpp;c;cc;cxx;def;odl;idl;hpj;bat;asm;asmx</Extensions>
    </Filter>
    <Filter Include="Inc">
      <UniqueIdentifier>{93995380-89BD-4b04-88EB-625FBE52EBFB}</UniqueIdentifier>
      <Extensions>h;hh;hpp;hxx;hm;inl;inc;ipp;xsd</Extensions>
    </Filter>
    <Filter Include="Content">
      <UniqueIdentifier>{a1703125-4249-4816-bdca-afb350d5adef}</UniqueIdentifier>
    </Filter>
    <Filter Include="Content\Fonts">
      <UniqueIdentifier>{3af70e07-bf9c-4a95-84d3-6e66881bcf41}</UniqueIdentifier>
    </Filter>
    <Filter Include="Src\GameStates">
      <UniqueIdentifier>{9b78e192-e2d3-496d-98a3-8848525a9c22}</UniqueIdentifier>
    </Filter>
    <Filter Include="Inc\GameStates">
      <UniqueIdentifier>{96590619-d68a-48fc-833e-f50742d9f4b8}</UniqueIdentifier>
    </Filter>
    <Filter Include="Inc\Components">
      <UniqueIdentifier>{c8e8f134-216c-455c-af70-a291c3ac5e6c}</UniqueIdentifier>
    </Filter>
    <Filter Include="Src\Systems">
      <UniqueIdentifier>{b530759e-01fc-406f-a10b-196b0133600b}</UniqueIdentifier>
    </Filter>
    <Filter Include="Inc\Systems">
      <UniqueIdentifier>{7cc3b8a3-a91b-44f2-87ec-344d06e64352}</UniqueIdentifier>
    </Filter>
  </ItemGroup>
  <ItemGroup>
    <ClInclude Include="stdafx.h">
      <Filter>Inc</Filter>
    </ClInclude>
    <ClInclude Include="Game.h">
      <Filter>Inc</Filter>
    </ClInclude>
    <ClInclude Include="StepTimer.h">
      <Filter>Inc</Filter>
    </ClInclude>
    <ClInclude Include="DeviceResources.h">
      <Filter>Inc</Filter>
    </ClInclude>
    <ClInclude Include="InputManager.h">
      <Filter>Inc</Filter>
    </ClInclude>
    <ClInclude Include="ComponentStore.h">
      <Filter>Inc</Filter>
    </ClInclude>
    <ClInclude Include="System.h">
      <Filter>Inc</Filter>
    </ClInclude>
    <ClInclude Include="Entity.h">
      <Filter>Inc</Filter>
    </ClInclude>
    <ClInclude Include="TranslationComponent.h">
      <Filter>Inc\Components</Filter>
    </ClInclude>
    <ClInclude Include="MoveSystem.h">
      <Filter>Inc\Systems</Filter>
    </ClInclude>
    <ClInclude Include="RenderSystem.h">
      <Filter>Inc\Systems</Filter>
    </ClInclude>
    <ClInclude Include="RenderComponent.h">
      <Filter>Inc\Components</Filter>
    </ClInclude>
    <ClInclude Include="PlayState.h">
      <Filter>Inc\GameStates</Filter>
    </ClInclude>
    <ClInclude Include="PauseState.h">
      <Filter>Inc\GameStates</Filter>
    </ClInclude>
    <ClInclude Include="IntroState.h">
      <Filter>Inc\GameStates</Filter>
    </ClInclude>
    <ClInclude Include="EntityManager.h">
      <Filter>Inc</Filter>
    </ClInclude>
    <ClInclude Include="IGameState.h">
      <Filter>Inc</Filter>
    </ClInclude>
    <ClInclude Include="Component.h">
      <Filter>Inc</Filter>
    </ClInclude>
    <ClInclude Include="MathHelper.h">
      <Filter>Inc</Filter>
    </ClInclude>
    <ClInclude Include="RegionComponent.h">
      <Filter>Inc\Components</Filter>
    </ClInclude>
    <ClInclude Include="ProjectileSourceComponent.h">
      <Filter>Inc\Components</Filter>
    </ClInclude>
    <ClInclude Include="ProjectileComponent.h">
      <Filter>Inc\Components</Filter>
    </ClInclude>
    <ClInclude Include="ProjectileSourceSystem.h">
      <Filter>Inc\Systems</Filter>
    </ClInclude>
    <ClInclude Include="ProjectileSystem.h">
      <Filter>Inc\Systems</Filter>
    </ClInclude>
    <ClInclude Include="AssetManager.h">
      <Filter>Inc</Filter>
    </ClInclude>
    <ClInclude Include="Texture2d.h">
      <Filter>Inc</Filter>
    </ClInclude>
    <ClInclude Include="Config.h">
      <Filter>Inc</Filter>
    </ClInclude>
    <ClInclude Include="FollowPlayerComponent.h">
      <Filter>Inc\Components</Filter>
    </ClInclude>
    <ClInclude Include="FollowPlayerSystem.h">
      <Filter>Inc\Systems</Filter>
    </ClInclude>
    <ClInclude Include="ColliderComponent.h">
      <Filter>Inc\Components</Filter>
    </ClInclude>
    <ClInclude Include="ColliderSystem.h">
      <Filter>Inc\Systems</Filter>
    </ClInclude>
    <ClInclude Include="PlayerStatus.h">
      <Filter>Inc</Filter>
    </ClInclude>
    <ClInclude Include="PlayerComponent.h">
      <Filter>Inc\Components</Filter>
    </ClInclude>
    <ClInclude Include="AvoidanceComponent.h">
      <Filter>Inc\Components</Filter>
    </ClInclude>
    <ClInclude Include="AvoidanceSystem.h">
      <Filter>Inc\Systems</Filter>
    </ClInclude>
    <ClInclude Include="DebugRenderSystem.h">
      <Filter>Inc\Systems</Filter>
    </ClInclude>
    <ClInclude Include="SeparationComponent.h">
      <Filter>Inc\Components</Filter>
    </ClInclude>
    <ClInclude Include="SeparationSystem.h">
      <Filter>Inc\Systems</Filter>
    </ClInclude>
    <ClInclude Include="EnemyComponent.h">
      <Filter>Inc\Components</Filter>
    </ClInclude>
    <ClInclude Include="EnemyActivatorSystem.h">
      <Filter>Inc\Systems</Filter>
    </ClInclude>
    <ClInclude Include="AvoidableComponent.h">
      <Filter>Inc\Components</Filter>
    </ClInclude>
    <ClInclude Include="QuadTree.h">
      <Filter>Inc</Filter>
    </ClInclude>
    <ClInclude Include="Camera.h">
      <Filter>Inc</Filter>
    </ClInclude>
    <ClInclude Include="BackgroundLayer.h">
      <Filter>Inc</Filter>
    </ClInclude>
    <ClInclude Include="WanderComponent.h">
      <Filter>Inc\Components</Filter>
    </ClInclude>
    <ClInclude Include="WanderSystem.h">
      <Filter>Inc\Systems</Filter>
    </ClInclude>
    <ClInclude Include="ReadData.h">
      <Filter>Inc</Filter>
    </ClInclude>
    <ClInclude Include="ParticleManager.h">
      <Filter>Inc</Filter>
    </ClInclude>
    <ClInclude Include="CircularArray.h">
      <Filter>Inc</Filter>
    </ClInclude>
    <ClInclude Include="ColourUtility.h">
      <Filter>Inc</Filter>
    </ClInclude>
    <ClInclude Include="DestructableComponent.h">
      <Filter>Inc\Components</Filter>
    </ClInclude>
    <ClInclude Include="DestructableSystem.h">
      <Filter>Inc\Systems</Filter>
    </ClInclude>
    <ClInclude Include="ExhaustPlumeSystem.h">
      <Filter>Inc\Systems</Filter>
    </ClInclude>
    <ClInclude Include="ExhaustPlumeComponent.h">
      <Filter>Inc\Components</Filter>
    </ClInclude>
  </ItemGroup>
  <ItemGroup>
    <ClCompile Include="stdafx.cpp">
      <Filter>Src</Filter>
    </ClCompile>
    <ClCompile Include="Main.cpp">
      <Filter>Src</Filter>
    </ClCompile>
    <ClCompile Include="Game.cpp">
      <Filter>Src</Filter>
    </ClCompile>
    <ClCompile Include="DeviceResources.cpp">
      <Filter>Src</Filter>
    </ClCompile>
    <ClCompile Include="InputManager.cpp">
      <Filter>Src</Filter>
    </ClCompile>
    <ClCompile Include="System.cpp">
      <Filter>Src</Filter>
    </ClCompile>
    <ClCompile Include="EntityManager.cpp">
      <Filter>Src</Filter>
    </ClCompile>
    <ClCompile Include="IntroState.cpp">
      <Filter>Src\GameStates</Filter>
    </ClCompile>
    <ClCompile Include="PlayState.cpp">
      <Filter>Src\GameStates</Filter>
    </ClCompile>
    <ClCompile Include="PauseState.cpp">
      <Filter>Src\GameStates</Filter>
    </ClCompile>
    <ClCompile Include="MathHelper.cpp">
      <Filter>Src</Filter>
    </ClCompile>
    <ClCompile Include="Texture2d.cpp">
      <Filter>Src</Filter>
    </ClCompile>
    <ClCompile Include="AssetManager.cpp">
      <Filter>Src</Filter>
    </ClCompile>
    <ClCompile Include="ColliderSystem.cpp">
      <Filter>Src\Systems</Filter>
    </ClCompile>
    <ClCompile Include="FollowPlayerSystem.cpp">
      <Filter>Src\Systems</Filter>
    </ClCompile>
    <ClCompile Include="MoveSystem.cpp">
      <Filter>Src\Systems</Filter>
    </ClCompile>
    <ClCompile Include="ProjectileSourceSystem.cpp">
      <Filter>Src\Systems</Filter>
    </ClCompile>
    <ClCompile Include="ProjectileSystem.cpp">
      <Filter>Src\Systems</Filter>
    </ClCompile>
    <ClCompile Include="RenderSystem.cpp">
      <Filter>Src\Systems</Filter>
    </ClCompile>
    <ClCompile Include="AvoidanceSystem.cpp">
      <Filter>Src\Systems</Filter>
    </ClCompile>
    <ClCompile Include="DebugRenderSystem.cpp">
      <Filter>Src\Systems</Filter>
    </ClCompile>
    <ClCompile Include="SeparationSystem.cpp">
      <Filter>Src\Systems</Filter>
    </ClCompile>
    <ClCompile Include="EnemyActivatorSystem.cpp">
      <Filter>Src\Systems</Filter>
    </ClCompile>
    <ClCompile Include="QuadTree.cpp">
      <Filter>Src</Filter>
    </ClCompile>
    <ClCompile Include="Camera.cpp">
      <Filter>Src</Filter>
    </ClCompile>
    <ClCompile Include="BackgroundLayer.cpp">
      <Filter>Src</Filter>
    </ClCompile>
    <ClCompile Include="WanderSystem.cpp">
      <Filter>Src\Systems</Filter>
    </ClCompile>
    <ClCompile Include="ParticleManager.cpp">
      <Filter>Src</Filter>
    </ClCompile>
    <ClCompile Include="DestructableSystem.cpp">
      <Filter>Src\Systems</Filter>
    </ClCompile>
    <ClCompile Include="ExhaustPlumeSystem.cpp">
      <Filter>Src\Systems</Filter>
    </ClCompile>
  </ItemGroup>
  <ItemGroup>
    <None Include="packages.config" />
  </ItemGroup>
  <ItemGroup>
    <CopyFileToFolders Include="Content\Fonts\SegoeUI_18.spritefont">
      <Filter>Content\Fonts</Filter>
    </CopyFileToFolders>
  </ItemGroup>
  <ItemGroup>
    <ImageContentTask Include="Content\BackgroundLayer2.png">
      <Filter>Content</Filter>
    </ImageContentTask>
    <ImageContentTask Include="Content\Wanderer.png">
      <Filter>Content</Filter>
    </ImageContentTask>
    <ImageContentTask Include="Content\1x1.png">
      <Filter>Content</Filter>
    </ImageContentTask>
    <ImageContentTask Include="Content\Bullet.png">
      <Filter>Content</Filter>
    </ImageContentTask>
    <ImageContentTask Include="Content\Player.png">
      <Filter>Content</Filter>
    </ImageContentTask>
    <ImageContentTask Include="Content\Seeker.png">
      <Filter>Content</Filter>
    </ImageContentTask>
    <ImageContentTask Include="Content\BackgroundLayer3.png">
      <Filter>Content</Filter>
    </ImageContentTask>
    <ImageContentTask Include="Content\BackgroundLayer4.png">
      <Filter>Content</Filter>
    </ImageContentTask>
    <ImageContentTask Include="Content\BackgroundLayer1.png">
      <Filter>Content</Filter>
    </ImageContentTask>
    <ImageContentTask Include="Content\Particle.png" />
    <ImageContentTask Include="Content\GlowParticle.png">
      <Filter>Content</Filter>
    </ImageContentTask>
  </ItemGroup>
  <ItemGroup>
    <FxCompile Include="BackgroundVertexShader.hlsl">
      <Filter>Content</Filter>
    </FxCompile>
    <FxCompile Include="BackgroundPixelShader.hlsl">
      <Filter>Content</Filter>
    </FxCompile>
  </ItemGroup>
</Project>