<?xml version="1.0" encoding="utf-8"?>
<Project ToolsVersion="4.0" xmlns="http://schemas.microsoft.com/developer/msbuild/2003">
  <ItemGroup>
    <Filter Include="Src">
      <UniqueIdentifier>{4FC737F1-C7A5-4376-A066-2A32D752A2FF}</UniqueIdentifier>
      <Extensions>cpp;c;cc;cxx;def;odl;idl;hpj;bat;asm;asmx</Extensions>
    </Filter>
    <Filter Include="Inc">
      <UniqueIdentifier>{93995380-89BD-4b04-88EB-625FBE52EBFB}</UniqueIdentifier>
      <Extensions>h;hh;hpp;hxx;hm;inl;inc;ipp;xsd</Extensions>
    </Filter>
    <Filter Include="Content">
      <UniqueIdentifier>{a1703125-4249-4816-bdca-afb350d5adef}</UniqueIdentifier>
    </Filter>
    <Filter Include="Content\Fonts">
      <UniqueIdentifier>{3af70e07-bf9c-4a95-84d3-6e66881bcf41}</UniqueIdentifier>
    </Filter>
    <Filter Include="Inc\Systems">
      <UniqueIdentifier>{7cc3b8a3-a91b-44f2-87ec-344d06e64352}</UniqueIdentifier>
    </Filter>
    <Filter Include="Src\GameStates">
      <UniqueIdentifier>{9b78e192-e2d3-496d-98a3-8848525a9c22}</UniqueIdentifier>
    </Filter>
    <Filter Include="Inc\GameStates">
      <UniqueIdentifier>{96590619-d68a-48fc-833e-f50742d9f4b8}</UniqueIdentifier>
    </Filter>
    <Filter Include="Inc\Components">
      <UniqueIdentifier>{c8e8f134-216c-455c-af70-a291c3ac5e6c}</UniqueIdentifier>
    </Filter>
  </ItemGroup>
  <ItemGroup>
    <ClInclude Include="stdafx.h">
      <Filter>Inc</Filter>
    </ClInclude>
    <ClInclude Include="Game.h">
      <Filter>Inc</Filter>
    </ClInclude>
    <ClInclude Include="StepTimer.h">
      <Filter>Inc</Filter>
    </ClInclude>
    <ClInclude Include="DeviceResources.h">
      <Filter>Inc</Filter>
    </ClInclude>
    <ClInclude Include="InputManager.h">
      <Filter>Inc</Filter>
    </ClInclude>
    <ClInclude Include="ComponentStore.h">
      <Filter>Inc</Filter>
    </ClInclude>
    <ClInclude Include="System.h">
      <Filter>Inc</Filter>
    </ClInclude>
    <ClInclude Include="Entity.h">
      <Filter>Inc</Filter>
    </ClInclude>
    <ClInclude Include="TranslationComponent.h">
      <Filter>Inc\Components</Filter>
    </ClInclude>
    <ClInclude Include="MoveSystem.h">
      <Filter>Inc\Systems</Filter>
    </ClInclude>
    <ClInclude Include="RenderSystem.h">
      <Filter>Inc\Systems</Filter>
    </ClInclude>
    <ClInclude Include="RenderComponent.h">
      <Filter>Inc\Components</Filter>
    </ClInclude>
    <ClInclude Include="PlayState.h">
      <Filter>Inc\GameStates</Filter>
    </ClInclude>
    <ClInclude Include="PauseState.h">
      <Filter>Inc\GameStates</Filter>
    </ClInclude>
    <ClInclude Include="IntroState.h">
      <Filter>Inc\GameStates</Filter>
    </ClInclude>
    <ClInclude Include="EntityManager.h">
      <Filter>Inc</Filter>
    </ClInclude>
    <ClInclude Include="IGameState.h">
      <Filter>Inc</Filter>
    </ClInclude>
    <ClInclude Include="Component.h">
      <Filter>Inc</Filter>
    </ClInclude>
    <ClInclude Include="MathHelper.h">
      <Filter>Inc</Filter>
    </ClInclude>
    <ClInclude Include="RegionComponent.h">
      <Filter>Inc\Components</Filter>
    </ClInclude>
    <ClInclude Include="ProjectileSourceComponent.h">
      <Filter>Inc\Components</Filter>
    </ClInclude>
    <ClInclude Include="ProjectileComponent.h">
      <Filter>Inc\Components</Filter>
    </ClInclude>
    <ClInclude Include="ProjectileSourceSystem.h">
      <Filter>Inc\Systems</Filter>
    </ClInclude>
    <ClInclude Include="ProjectileSystem.h">
      <Filter>Inc\Systems</Filter>
    </ClInclude>
    <ClInclude Include="AssetManager.h">
      <Filter>Inc</Filter>
    </ClInclude>
    <ClInclude Include="Texture2d.h">
      <Filter>Inc</Filter>
    </ClInclude>
    <ClInclude Include="Config.h">
      <Filter>Inc</Filter>
    </ClInclude>
  </ItemGroup>
  <ItemGroup>
    <ClCompile Include="stdafx.cpp">
      <Filter>Src</Filter>
    </ClCompile>
    <ClCompile Include="Main.cpp">
      <Filter>Src</Filter>
    </ClCompile>
    <ClCompile Include="Game.cpp">
      <Filter>Src</Filter>
    </ClCompile>
    <ClCompile Include="DeviceResources.cpp">
      <Filter>Src</Filter>
    </ClCompile>
    <ClCompile Include="InputManager.cpp">
      <Filter>Src</Filter>
    </ClCompile>
    <ClCompile Include="System.cpp">
      <Filter>Src</Filter>
    </ClCompile>
    <ClCompile Include="EntityManager.cpp">
      <Filter>Src</Filter>
    </ClCompile>
    <ClCompile Include="IntroState.cpp">
      <Filter>Src\GameStates</Filter>
    </ClCompile>
    <ClCompile Include="PlayState.cpp">
      <Filter>Src\GameStates</Filter>
    </ClCompile>
    <ClCompile Include="PauseState.cpp">
      <Filter>Src\GameStates</Filter>
    </ClCompile>
    <ClCompile Include="MathHelper.cpp">
      <Filter>Src</Filter>
    </ClCompile>
    <ClCompile Include="Texture2d.cpp">
      <Filter>Src</Filter>
    </ClCompile>
    <ClCompile Include="AssetManager.cpp">
      <Filter>Src</Filter>
    </ClCompile>
  </ItemGroup>
  <ItemGroup>
    <None Include="packages.config" />
    <None Include="Content\Fonts\SegoeUI_18.spritefont">
      <Filter>Content\Fonts</Filter>
    </None>
  </ItemGroup>
</Project>